
Microsoft Visual Studio Solution File, Format Version 12.00
# Visual Studio 15
VisualStudioVersion = 15.0.28010.2050
MinimumVisualStudioVersion = 10.0.40219.1
Project("{2150E333-8FDC-42A3-9474-1A3956D46DE8}") = "Src", "Src", "{521368EC-7C82-4A2F-A80F-E4BC36497A3C}"
EndProject
Project("{2150E333-8FDC-42A3-9474-1A3956D46DE8}") = "Core", "Core", "{47A1F8B8-18EB-4E57-8FE0-B0E612BC353B}"
EndProject
Project("{2150E333-8FDC-42A3-9474-1A3956D46DE8}") = "Infrastructure", "Infrastructure", "{F8B871C6-D722-4D63-8469-811236E4BE39}"
EndProject
Project("{2150E333-8FDC-42A3-9474-1A3956D46DE8}") = "Presentation", "Presentation", "{AA756695-0566-42E2-BDE7-3BA9C95F310C}"
EndProject
Project("{2150E333-8FDC-42A3-9474-1A3956D46DE8}") = "Tests", "Tests", "{2656E9C6-36CE-4B2B-9918-A2115D641432}"
EndProject
Project("{9A19103F-16F7-4668-BE54-9A1E7A4F7556}") = "JWT.API", "JWT.API\JWT.API.csproj", "{2D5EA25B-D48C-45B9-A541-DF7606169C97}"
EndProject
Project("{9A19103F-16F7-4668-BE54-9A1E7A4F7556}") = "JWT.Application", "JWT.Application\JWT.Application.csproj", "{898EF942-2CCE-4C5D-8D73-F824E73A2D69}"
EndProject
Project("{9A19103F-16F7-4668-BE54-9A1E7A4F7556}") = "JWT.Domain", "JWT.Domain\JWT.Domain.csproj", "{87DD4A22-5EFB-4A83-A9C6-C2F35678C0E2}"
EndProject
Project("{9A19103F-16F7-4668-BE54-9A1E7A4F7556}") = "JWT.Infrastructure", "JWT.Infrastructure\JWT.Infrastructure.csproj", "{EE8271FC-5588-4D1B-8EAD-E4D740EA1748}"
EndProject
Project("{9A19103F-16F7-4668-BE54-9A1E7A4F7556}") = "JWT.Persistence", "JWT.Persistence\JWT.Persistence.csproj", "{435A78DA-0AA3-47F0-A4FF-A4F37FC5594C}"
EndProject
Project("{9A19103F-16F7-4668-BE54-9A1E7A4F7556}") = "JWT.Tests", "JWT.Tests\JWT.Tests.csproj", "{F4A92E44-F467-4413-8F65-3DCA58CDB937}"
EndProject
Project("{2150E333-8FDC-42A3-9474-1A3956D46DE8}") = "Docs", "Docs", "{67D0E21A-CBCF-451D-B580-094E50595D79}"
	ProjectSection(SolutionItems) = preProject
		LICENSE = LICENSE
		migrations.txt = migrations.txt
		README.md = README.md
		SECRETS.md = SECRETS.md
	EndProjectSection
EndProject
Project("{2150E333-8FDC-42A3-9474-1A3956D46DE8}") = "Solution Items", "Solution Items", "{A08F6F72-D3A2-4606-878B-57C547875035}"
	ProjectSection(SolutionItems) = preProject
		.dockerignore = .dockerignore
		.gitignore = .gitignore
		azure-pipelines.yml = azure-pipelines.yml
		docker-compose.yml = docker-compose.yml
		migrations.txt = migrations.txt
	EndProjectSection
EndProject
Global
	GlobalSection(SolutionConfigurationPlatforms) = preSolution
		Debug|Any CPU = Debug|Any CPU
		Release|Any CPU = Release|Any CPU
	EndGlobalSection
	GlobalSection(ProjectConfigurationPlatforms) = postSolution
		{2D5EA25B-D48C-45B9-A541-DF7606169C97}.Debug|Any CPU.ActiveCfg = Debug|Any CPU
		{2D5EA25B-D48C-45B9-A541-DF7606169C97}.Debug|Any CPU.Build.0 = Debug|Any CPU
		{2D5EA25B-D48C-45B9-A541-DF7606169C97}.Release|Any CPU.ActiveCfg = Release|Any CPU
		{2D5EA25B-D48C-45B9-A541-DF7606169C97}.Release|Any CPU.Build.0 = Release|Any CPU
		{898EF942-2CCE-4C5D-8D73-F824E73A2D69}.Debug|Any CPU.ActiveCfg = Debug|Any CPU
		{898EF942-2CCE-4C5D-8D73-F824E73A2D69}.Debug|Any CPU.Build.0 = Debug|Any CPU
		{898EF942-2CCE-4C5D-8D73-F824E73A2D69}.Release|Any CPU.ActiveCfg = Release|Any CPU
		{898EF942-2CCE-4C5D-8D73-F824E73A2D69}.Release|Any CPU.Build.0 = Release|Any CPU
		{87DD4A22-5EFB-4A83-A9C6-C2F35678C0E2}.Debug|Any CPU.ActiveCfg = Debug|Any CPU
		{87DD4A22-5EFB-4A83-A9C6-C2F35678C0E2}.Debug|Any CPU.Build.0 = Debug|Any CPU
		{87DD4A22-5EFB-4A83-A9C6-C2F35678C0E2}.Release|Any CPU.ActiveCfg = Release|Any CPU
		{87DD4A22-5EFB-4A83-A9C6-C2F35678C0E2}.Release|Any CPU.Build.0 = Release|Any CPU
		{EE8271FC-5588-4D1B-8EAD-E4D740EA1748}.Debug|Any CPU.ActiveCfg = Debug|Any CPU
		{EE8271FC-5588-4D1B-8EAD-E4D740EA1748}.Debug|Any CPU.Build.0 = Debug|Any CPU
		{EE8271FC-5588-4D1B-8EAD-E4D740EA1748}.Release|Any CPU.ActiveCfg = Release|Any CPU
		{EE8271FC-5588-4D1B-8EAD-E4D740EA1748}.Release|Any CPU.Build.0 = Release|Any CPU
		{435A78DA-0AA3-47F0-A4FF-A4F37FC5594C}.Debug|Any CPU.ActiveCfg = Debug|Any CPU
		{435A78DA-0AA3-47F0-A4FF-A4F37FC5594C}.Debug|Any CPU.Build.0 = Debug|Any CPU
		{435A78DA-0AA3-47F0-A4FF-A4F37FC5594C}.Release|Any CPU.ActiveCfg = Release|Any CPU
		{435A78DA-0AA3-47F0-A4FF-A4F37FC5594C}.Release|Any CPU.Build.0 = Release|Any CPU
		{F4A92E44-F467-4413-8F65-3DCA58CDB937}.Debug|Any CPU.ActiveCfg = Debug|Any CPU
		{F4A92E44-F467-4413-8F65-3DCA58CDB937}.Debug|Any CPU.Build.0 = Debug|Any CPU
		{F4A92E44-F467-4413-8F65-3DCA58CDB937}.Release|Any CPU.ActiveCfg = Release|Any CPU
		{F4A92E44-F467-4413-8F65-3DCA58CDB937}.Release|Any CPU.Build.0 = Release|Any CPU
	EndGlobalSection
	GlobalSection(SolutionProperties) = preSolution
		HideSolutionNode = FALSE
	EndGlobalSection
	GlobalSection(NestedProjects) = preSolution
		{47A1F8B8-18EB-4E57-8FE0-B0E612BC353B} = {521368EC-7C82-4A2F-A80F-E4BC36497A3C}
		{F8B871C6-D722-4D63-8469-811236E4BE39} = {521368EC-7C82-4A2F-A80F-E4BC36497A3C}
		{AA756695-0566-42E2-BDE7-3BA9C95F310C} = {521368EC-7C82-4A2F-A80F-E4BC36497A3C}
		{2D5EA25B-D48C-45B9-A541-DF7606169C97} = {AA756695-0566-42E2-BDE7-3BA9C95F310C}
		{898EF942-2CCE-4C5D-8D73-F824E73A2D69} = {47A1F8B8-18EB-4E57-8FE0-B0E612BC353B}
		{87DD4A22-5EFB-4A83-A9C6-C2F35678C0E2} = {47A1F8B8-18EB-4E57-8FE0-B0E612BC353B}
		{EE8271FC-5588-4D1B-8EAD-E4D740EA1748} = {F8B871C6-D722-4D63-8469-811236E4BE39}
		{435A78DA-0AA3-47F0-A4FF-A4F37FC5594C} = {F8B871C6-D722-4D63-8469-811236E4BE39}
		{F4A92E44-F467-4413-8F65-3DCA58CDB937} = {2656E9C6-36CE-4B2B-9918-A2115D641432}
	EndGlobalSection
	GlobalSection(ExtensibilityGlobals) = postSolution
		SolutionGuid = {42783330-32C9-4C22-9D18-B561D704EFAB}
	EndGlobalSection
EndGlobal
