
Microsoft Visual Studio Solution File, Format Version 12.00
# Visual Studio 15
VisualStudioVersion = 15.0.28010.2050
MinimumVisualStudioVersion = 10.0.40219.1
Project("{9A19103F-16F7-4668-BE54-9A1E7A4F7556}") = "API", "API\API.csproj", "{2D5EA25B-D48C-45B9-A541-DF7606169C97}"
EndProject
Project("{9A19103F-16F7-4668-BE54-9A1E7A4F7556}") = "Data", "Data\Data.csproj", "{11CF3706-8086-4F7E-AFBE-A757F8127B2F}"
EndProject
Project("{FAE04EC0-301F-11D3-BF4B-00C04F79EFBC}") = "Services", "Services\Services.csproj", "{4DA1E28E-B710-4074-A31F-C55C2BD9FDE4}"
EndProject
Global
	GlobalSection(SolutionConfigurationPlatforms) = preSolution
		Debug|Any CPU = Debug|Any CPU
		Release|Any CPU = Release|Any CPU
	EndGlobalSection
	GlobalSection(ProjectConfigurationPlatforms) = postSolution
		{2D5EA25B-D48C-45B9-A541-DF7606169C97}.Debug|Any CPU.ActiveCfg = Debug|Any CPU
		{2D5EA25B-D48C-45B9-A541-DF7606169C97}.Debug|Any CPU.Build.0 = Debug|Any CPU
		{2D5EA25B-D48C-45B9-A541-DF7606169C97}.Release|Any CPU.ActiveCfg = Release|Any CPU
		{2D5EA25B-D48C-45B9-A541-DF7606169C97}.Release|Any CPU.Build.0 = Release|Any CPU
		{11CF3706-8086-4F7E-AFBE-A757F8127B2F}.Debug|Any CPU.ActiveCfg = Debug|Any CPU
		{11CF3706-8086-4F7E-AFBE-A757F8127B2F}.Debug|Any CPU.Build.0 = Debug|Any CPU
		{11CF3706-8086-4F7E-AFBE-A757F8127B2F}.Release|Any CPU.ActiveCfg = Release|Any CPU
		{11CF3706-8086-4F7E-AFBE-A757F8127B2F}.Release|Any CPU.Build.0 = Release|Any CPU
		{4DA1E28E-B710-4074-A31F-C55C2BD9FDE4}.Debug|Any CPU.ActiveCfg = Debug|Any CPU
		{4DA1E28E-B710-4074-A31F-C55C2BD9FDE4}.Debug|Any CPU.Build.0 = Debug|Any CPU
		{4DA1E28E-B710-4074-A31F-C55C2BD9FDE4}.Release|Any CPU.ActiveCfg = Release|Any CPU
		{4DA1E28E-B710-4074-A31F-C55C2BD9FDE4}.Release|Any CPU.Build.0 = Release|Any CPU
	EndGlobalSection
	GlobalSection(SolutionProperties) = preSolution
		HideSolutionNode = FALSE
	EndGlobalSection
	GlobalSection(ExtensibilityGlobals) = postSolution
		SolutionGuid = {42783330-32C9-4C22-9D18-B561D704EFAB}
	EndGlobalSection
EndGlobal
